# THIS IS AN AUTOGENERATED FILE. DO NOT EDIT THIS FILE DIRECTLY.
# yarn lockfile v1


chrome-types@^0.1.228:
  version "0.1.228"
  resolved "https://registry.yarnpkg.com/chrome-types/-/chrome-types-0.1.228.tgz#aeb13df02322a598a11ad4672d358476de0741d3"
  integrity sha512-zbq7EJIFYFKD2WEIz6VcWuY21+EnMSFqQZHtF+GCu3OQBwPaG5JDNjSicB1DcSwUdwJO+s7zqxk0OSBUJcuS7Q==

typescript@^5.2.2:
  version "5.2.2"
  resolved "https://registry.yarnpkg.com/typescript/-/typescript-5.2.2.tgz#5ebb5e5a5b75f085f22bc3f8460fba308310fa78"
  integrity sha512-mI4WrpHsbCIcwT9cF4FZvr80QUeKvsUsUvKDoR+X/7XHQH98xYD8YHZg7ANtz2GtZt/CBq2QJ0thkGJMHfqc1w==
